
Microsoft Visual Studio Solution File, Format Version 12.00
# Visual Studio Version 16
VisualStudioVersion = 16.0.31729.503
MinimumVisualStudioVersion = 10.0.40219.1
Project("{FAE04EC0-301F-11D3-BF4B-00C04F79EFBC}") = "UC1_CheckEmpIsPresentOrAbsent", "UC1_CheckEmpIsPresentOrAbsent\UC1_CheckEmpIsPresentOrAbsent.csproj", "{EAC35E0C-15E4-42B3-A1BB-ECD5C44C52D0}"
EndProject
Global
	GlobalSection(SolutionConfigurationPlatforms) = preSolution
		Debug|Any CPU = Debug|Any CPU
		Release|Any CPU = Release|Any CPU
	EndGlobalSection
	GlobalSection(ProjectConfigurationPlatforms) = postSolution
		{EAC35E0C-15E4-42B3-A1BB-ECD5C44C52D0}.Debug|Any CPU.ActiveCfg = Debug|Any CPU
		{EAC35E0C-15E4-42B3-A1BB-ECD5C44C52D0}.Debug|Any CPU.Build.0 = Debug|Any CPU
		{EAC35E0C-15E4-42B3-A1BB-ECD5C44C52D0}.Release|Any CPU.ActiveCfg = Release|Any CPU
		{EAC35E0C-15E4-42B3-A1BB-ECD5C44C52D0}.Release|Any CPU.Build.0 = Release|Any CPU
	EndGlobalSection
	GlobalSection(SolutionProperties) = preSolution
		HideSolutionNode = FALSE
	EndGlobalSection
	GlobalSection(ExtensibilityGlobals) = postSolution
		SolutionGuid = {4D9E8705-9987-4E45-BC0B-B56309D07CAB}
	EndGlobalSection
EndGlobal
