
Microsoft Visual Studio Solution File, Format Version 12.00
# Visual Studio Version 16
VisualStudioVersion = 16.0.31729.503
MinimumVisualStudioVersion = 10.0.40219.1
Project("{FAE04EC0-301F-11D3-BF4B-00C04F79EFBC}") = "Division", "Division\Division.csproj", "{394877D0-366C-4753-A9FB-2172B931B0D4}"
EndProject
Global
	GlobalSection(SolutionConfigurationPlatforms) = preSolution
		Debug|Any CPU = Debug|Any CPU
		Release|Any CPU = Release|Any CPU
	EndGlobalSection
	GlobalSection(ProjectConfigurationPlatforms) = postSolution
		{394877D0-366C-4753-A9FB-2172B931B0D4}.Debug|Any CPU.ActiveCfg = Debug|Any CPU
		{394877D0-366C-4753-A9FB-2172B931B0D4}.Debug|Any CPU.Build.0 = Debug|Any CPU
		{394877D0-366C-4753-A9FB-2172B931B0D4}.Release|Any CPU.ActiveCfg = Release|Any CPU
		{394877D0-366C-4753-A9FB-2172B931B0D4}.Release|Any CPU.Build.0 = Release|Any CPU
	EndGlobalSection
	GlobalSection(SolutionProperties) = preSolution
		HideSolutionNode = FALSE
	EndGlobalSection
	GlobalSection(ExtensibilityGlobals) = postSolution
		SolutionGuid = {1474C516-8B12-412E-ADF6-CDD408B6D22A}
	EndGlobalSection
EndGlobal
