
Microsoft Visual Studio Solution File, Format Version 12.00
# Visual Studio Version 16
VisualStudioVersion = 16.0.31729.503
MinimumVisualStudioVersion = 10.0.40219.1
Project("{FAE04EC0-301F-11D3-BF4B-00C04F79EFBC}") = "UC_6ReachedForMonth", "UC_6ReachedForMonth\UC_6ReachedForMonth.csproj", "{C8F4C292-6119-44B8-A2E2-C450CE06B539}"
EndProject
Global
	GlobalSection(SolutionConfigurationPlatforms) = preSolution
		Debug|Any CPU = Debug|Any CPU
		Release|Any CPU = Release|Any CPU
	EndGlobalSection
	GlobalSection(ProjectConfigurationPlatforms) = postSolution
		{C8F4C292-6119-44B8-A2E2-C450CE06B539}.Debug|Any CPU.ActiveCfg = Debug|Any CPU
		{C8F4C292-6119-44B8-A2E2-C450CE06B539}.Debug|Any CPU.Build.0 = Debug|Any CPU
		{C8F4C292-6119-44B8-A2E2-C450CE06B539}.Release|Any CPU.ActiveCfg = Release|Any CPU
		{C8F4C292-6119-44B8-A2E2-C450CE06B539}.Release|Any CPU.Build.0 = Release|Any CPU
	EndGlobalSection
	GlobalSection(SolutionProperties) = preSolution
		HideSolutionNode = FALSE
	EndGlobalSection
	GlobalSection(ExtensibilityGlobals) = postSolution
		SolutionGuid = {51B7EA30-1D81-4B40-BAD1-97508F95DC98}
	EndGlobalSection
EndGlobal
