
Microsoft Visual Studio Solution File, Format Version 12.00
# Visual Studio Version 16
VisualStudioVersion = 16.0.31729.503
MinimumVisualStudioVersion = 10.0.40219.1
Project("{FAE04EC0-301F-11D3-BF4B-00C04F79EFBC}") = "DailyEmpWage", "DailyEmpWage\DailyEmpWage.csproj", "{52EFD8C2-0B99-4BB6-8CFC-EEB6FE1786A6}"
EndProject
Global
	GlobalSection(SolutionConfigurationPlatforms) = preSolution
		Debug|Any CPU = Debug|Any CPU
		Release|Any CPU = Release|Any CPU
	EndGlobalSection
	GlobalSection(ProjectConfigurationPlatforms) = postSolution
		{52EFD8C2-0B99-4BB6-8CFC-EEB6FE1786A6}.Debug|Any CPU.ActiveCfg = Debug|Any CPU
		{52EFD8C2-0B99-4BB6-8CFC-EEB6FE1786A6}.Debug|Any CPU.Build.0 = Debug|Any CPU
		{52EFD8C2-0B99-4BB6-8CFC-EEB6FE1786A6}.Release|Any CPU.ActiveCfg = Release|Any CPU
		{52EFD8C2-0B99-4BB6-8CFC-EEB6FE1786A6}.Release|Any CPU.Build.0 = Release|Any CPU
	EndGlobalSection
	GlobalSection(SolutionProperties) = preSolution
		HideSolutionNode = FALSE
	EndGlobalSection
	GlobalSection(ExtensibilityGlobals) = postSolution
		SolutionGuid = {4466582B-D48E-4D20-8F4E-C36C2916C378}
	EndGlobalSection
EndGlobal
